
Microsoft Visual Studio Solution File, Format Version 12.00
# Visual Studio Version 16
VisualStudioVersion = 16.0.31424.327
MinimumVisualStudioVersion = 10.0.40219.1
Project("{9A19103F-16F7-4668-BE54-9A1E7A4F7556}") = "LibVLCExample", "LibVLC\LibVLCExample.csproj", "{F2A82029-56F5-4F7F-B85D-BF15A0BE069A}"
EndProject
Project("{9A19103F-16F7-4668-BE54-9A1E7A4F7556}") = "MediaElementExample", "MediaElement\MediaElementExample.csproj", "{F1DEC6AB-D758-4A4F-91C3-728980EDE83F}"
EndProject
Project("{9A19103F-16F7-4668-BE54-9A1E7A4F7556}") = "WpfMediaKitExample", "WpfMediaKit\WpfMediaKitExample.csproj", "{46B90095-4832-4653-AABB-E7D963188FAD}"
EndProject
Global
	GlobalSection(SolutionConfigurationPlatforms) = preSolution
		Debug|Any CPU = Debug|Any CPU
		Release|Any CPU = Release|Any CPU
	EndGlobalSection
	GlobalSection(ProjectConfigurationPlatforms) = postSolution
		{F2A82029-56F5-4F7F-B85D-BF15A0BE069A}.Debug|Any CPU.ActiveCfg = Debug|Any CPU
		{F2A82029-56F5-4F7F-B85D-BF15A0BE069A}.Debug|Any CPU.Build.0 = Debug|Any CPU
		{F2A82029-56F5-4F7F-B85D-BF15A0BE069A}.Release|Any CPU.ActiveCfg = Release|Any CPU
		{F2A82029-56F5-4F7F-B85D-BF15A0BE069A}.Release|Any CPU.Build.0 = Release|Any CPU
		{F1DEC6AB-D758-4A4F-91C3-728980EDE83F}.Debug|Any CPU.ActiveCfg = Debug|Any CPU
		{F1DEC6AB-D758-4A4F-91C3-728980EDE83F}.Debug|Any CPU.Build.0 = Debug|Any CPU
		{F1DEC6AB-D758-4A4F-91C3-728980EDE83F}.Release|Any CPU.ActiveCfg = Release|Any CPU
		{F1DEC6AB-D758-4A4F-91C3-728980EDE83F}.Release|Any CPU.Build.0 = Release|Any CPU
		{46B90095-4832-4653-AABB-E7D963188FAD}.Debug|Any CPU.ActiveCfg = Debug|Any CPU
		{46B90095-4832-4653-AABB-E7D963188FAD}.Debug|Any CPU.Build.0 = Debug|Any CPU
		{46B90095-4832-4653-AABB-E7D963188FAD}.Release|Any CPU.ActiveCfg = Release|Any CPU
		{46B90095-4832-4653-AABB-E7D963188FAD}.Release|Any CPU.Build.0 = Release|Any CPU
	EndGlobalSection
	GlobalSection(SolutionProperties) = preSolution
		HideSolutionNode = FALSE
	EndGlobalSection
	GlobalSection(ExtensibilityGlobals) = postSolution
		SolutionGuid = {6CE00176-C09A-4350-A267-BA969A21E9CC}
	EndGlobalSection
EndGlobal
